// !$*UTF8*$!
{
	archiveVersion = 1;
	classes = {
	};
	objectVersion = 46;
	objects = {

/* Begin PBXBuildFile section */
		7B605D8621CA82D900AFE18E /* main.m in Sources */ = {isa = PBXBuildFile; fileRef = 7B605D8521CA82D900AFE18E /* main.m */; };
		7B605D8921CA82D900AFE18E /* AppDelegate.m in Sources */ = {isa = PBXBuildFile; fileRef = 7B605D8821CA82D900AFE18E /* AppDelegate.m */; };
		7B605D8C21CA82D900AFE18E /* ViewController.m in Sources */ = {isa = PBXBuildFile; fileRef = 7B605D8B21CA82D900AFE18E /* ViewController.m */; };
		7B605D8F21CA82D900AFE18E /* Main.storyboard in Resources */ = {isa = PBXBuildFile; fileRef = 7B605D8D21CA82D900AFE18E /* Main.storyboard */; };
		7B605D9221CA82D900AFE18E /* meiTuan.xcdatamodeld in Sources */ = {isa = PBXBuildFile; fileRef = 7B605D9021CA82D900AFE18E /* meiTuan.xcdatamodeld */; };
		7B605D9421CA82D900AFE18E /* Assets.xcassets in Resources */ = {isa = PBXBuildFile; fileRef = 7B605D9321CA82D900AFE18E /* Assets.xcassets */; };
		7B605D9721CA82D900AFE18E /* LaunchScreen.storyboard in Resources */ = {isa = PBXBuildFile; fileRef = 7B605D9521CA82D900AFE18E /* LaunchScreen.storyboard */; };
		7B605DA221CA82D900AFE18E /* meiTuanTests.m in Sources */ = {isa = PBXBuildFile; fileRef = 7B605DA121CA82D900AFE18E /* meiTuanTests.m */; };
/* End PBXBuildFile section */

/* Begin PBXContainerItemProxy section */
		7B605D9E21CA82D900AFE18E /* PBXContainerItemProxy */ = {
			isa = PBXContainerItemProxy;
			containerPortal = 7B605D7921CA82D900AFE18E /* Project object */;
			proxyType = 1;
			remoteGlobalIDString = 7B605D8021CA82D900AFE18E;
			remoteInfo = meiTuan;
		};
/* End PBXContainerItemProxy section */

/* Begin PBXFileReference section */
		7B605D8121CA82D900AFE18E /* meiTuan.app */ = {isa = PBXFileReference; explicitFileType = wrapper.application; includeInIndex = 0; path = meiTuan.app; sourceTree = BUILT_PRODUCTS_DIR; };
		7B605D8521CA82D900AFE18E /* main.m */ = {isa = PBXFileReference; lastKnownFileType = sourcecode.c.objc; path = main.m; sourceTree = "<group>"; };
		7B605D8721CA82D900AFE18E /* AppDelegate.h */ = {isa = PBXFileReference; lastKnownFileType = sourcecode.c.h; path = AppDelegate.h; sourceTree = "<group>"; };
		7B605D8821CA82D900AFE18E /* AppDelegate.m */ = {isa = PBXFileReference; lastKnownFileType = sourcecode.c.objc; path = AppDelegate.m; sourceTree = "<group>"; };
		7B605D8A21CA82D900AFE18E /* ViewController.h */ = {isa = PBXFileReference; lastKnownFileType = sourcecode.c.h; path = ViewController.h; sourceTree = "<group>"; };
		7B605D8B21CA82D900AFE18E /* ViewController.m */ = {isa = PBXFileReference; lastKnownFileType = sourcecode.c.objc; path = ViewController.m; sourceTree = "<group>"; };
		7B605D8E21CA82D900AFE18E /* Base */ = {isa = PBXFileReference; lastKnownFileType = file.storyboard; name = Base; path = Base.lproj/Main.storyboard; sourceTree = "<group>"; };
		7B605D9121CA82D900AFE18E /* meiTuan.xcdatamodel */ = {isa = PBXFileReference; lastKnownFileType = wrapper.xcdatamodel; path = meiTuan.xcdatamodel; sourceTree = "<group>"; };
		7B605D9321CA82D900AFE18E /* Assets.xcassets */ = {isa = PBXFileReference; lastKnownFileType = folder.assetcatalog; path = Assets.xcassets; sourceTree = "<group>"; };
		7B605D9621CA82D900AFE18E /* Base */ = {isa = PBXFileReference; lastKnownFileType = file.storyboard; name = Base; path = Base.lproj/LaunchScreen.storyboard; sourceTree = "<group>"; };
		7B605D9821CA82D900AFE18E /* Info.plist */ = {isa = PBXFileReference; lastKnownFileType = text.plist.xml; path = Info.plist; sourceTree = "<group>"; };
		7B605D9D21CA82D900AFE18E /* meiTuanTests.xctest */ = {isa = PBXFileReference; explicitFileType = wrapper.cfbundle; includeInIndex = 0; path = meiTuanTests.xctest; sourceTree = BUILT_PRODUCTS_DIR; };
		7B605DA121CA82D900AFE18E /* meiTuanTests.m */ = {isa = PBXFileReference; lastKnownFileType = sourcecode.c.objc; path = meiTuanTests.m; sourceTree = "<group>"; };
		7B605DA321CA82D900AFE18E /* Info.plist */ = {isa = PBXFileReference; lastKnownFileType = text.plist.xml; path = Info.plist; sourceTree = "<group>"; };
/* End PBXFileReference section */

/* Begin PBXFrameworksBuildPhase section */
		7B605D7E21CA82D900AFE18E /* Frameworks */ = {
			isa = PBXFrameworksBuildPhase;
			buildActionMask = 2147483647;
			files = (
			);
			runOnlyForDeploymentPostprocessing = 0;
		};
		7B605D9A21CA82D900AFE18E /* Frameworks */ = {
			isa = PBXFrameworksBuildPhase;
			buildActionMask = 2147483647;
			files = (
			);
			runOnlyForDeploymentPostprocessing = 0;
		};
/* End PBXFrameworksBuildPhase section */

/* Begin PBXGroup section */
		7B605D7821CA82D900AFE18E = {
			isa = PBXGroup;
			children = (
				7B605D8321CA82D900AFE18E /* meiTuan */,
				7B605DA021CA82D900AFE18E /* meiTuanTests */,
				7B605D8221CA82D900AFE18E /* Products */,
			);
			sourceTree = "<group>";
		};
		7B605D8221CA82D900AFE18E /* Products */ = {
			isa = PBXGroup;
			children = (
				7B605D8121CA82D900AFE18E /* meiTuan.app */,
				7B605D9D21CA82D900AFE18E /* meiTuanTests.xctest */,
			);
			name = Products;
			sourceTree = "<group>";
		};
		7B605D8321CA82D900AFE18E /* meiTuan */ = {
			isa = PBXGroup;
			children = (
				7B605D8721CA82D900AFE18E /* AppDelegate.h */,
				7B605D8821CA82D900AFE18E /* AppDelegate.m */,
				7B605D8A21CA82D900AFE18E /* ViewController.h */,
				7B605D8B21CA82D900AFE18E /* ViewController.m */,
				7B605D8D21CA82D900AFE18E /* Main.storyboard */,
				7B605D9321CA82D900AFE18E /* Assets.xcassets */,
				7B605D9521CA82D900AFE18E /* LaunchScreen.storyboard */,
				7B605D9821CA82D900AFE18E /* Info.plist */,
				7B605D9021CA82D900AFE18E /* meiTuan.xcdatamodeld */,
				7B605D8421CA82D900AFE18E /* Supporting Files */,
			);
			path = meiTuan;
			sourceTree = "<group>";
		};
		7B605D8421CA82D900AFE18E /* Supporting Files */ = {
			isa = PBXGroup;
			children = (
				7B605D8521CA82D900AFE18E /* main.m */,
			);
			name = "Supporting Files";
			sourceTree = "<group>";
		};
		7B605DA021CA82D900AFE18E /* meiTuanTests */ = {
			isa = PBXGroup;
			children = (
				7B605DA121CA82D900AFE18E /* meiTuanTests.m */,
				7B605DA321CA82D900AFE18E /* Info.plist */,
			);
			path = meiTuanTests;
			sourceTree = "<group>";
		};
/* End PBXGroup section */

/* Begin PBXNativeTarget section */
		7B605D8021CA82D900AFE18E /* meiTuan */ = {
			isa = PBXNativeTarget;
			buildConfigurationList = 7B605DA621CA82D900AFE18E /* Build configuration list for PBXNativeTarget "meiTuan" */;
			buildPhases = (
				7B605D7D21CA82D900AFE18E /* Sources */,
				7B605D7E21CA82D900AFE18E /* Frameworks */,
				7B605D7F21CA82D900AFE18E /* Resources */,
			);
			buildRules = (
			);
			dependencies = (
			);
			name = meiTuan;
			productName = meiTuan;
			productReference = 7B605D8121CA82D900AFE18E /* meiTuan.app */;
			productType = "com.apple.product-type.application";
		};
		7B605D9C21CA82D900AFE18E /* meiTuanTests */ = {
			isa = PBXNativeTarget;
			buildConfigurationList = 7B605DA921CA82D900AFE18E /* Build configuration list for PBXNativeTarget "meiTuanTests" */;
			buildPhases = (
				7B605D9921CA82D900AFE18E /* Sources */,
				7B605D9A21CA82D900AFE18E /* Frameworks */,
				7B605D9B21CA82D900AFE18E /* Resources */,
			);
			buildRules = (
			);
			dependencies = (
				7B605D9F21CA82D900AFE18E /* PBXTargetDependency */,
			);
			name = meiTuanTests;
			productName = meiTuanTests;
			productReference = 7B605D9D21CA82D900AFE18E /* meiTuanTests.xctest */;
			productType = "com.apple.product-type.bundle.unit-test";
		};
/* End PBXNativeTarget section */

/* Begin PBXProject section */
		7B605D7921CA82D900AFE18E /* Project object */ = {
			isa = PBXProject;
			attributes = {
				LastUpgradeCheck = 0810;
				ORGANIZATIONNAME = "Grea Space";
				TargetAttributes = {
					7B605D8021CA82D900AFE18E = {
						CreatedOnToolsVersion = 8.1;
						DevelopmentTeam = FCCM7ST34K;
						ProvisioningStyle = Automatic;
					};
					7B605D9C21CA82D900AFE18E = {
						CreatedOnToolsVersion = 8.1;
						DevelopmentTeam = FCCM7ST34K;
						ProvisioningStyle = Automatic;
						TestTargetID = 7B605D8021CA82D900AFE18E;
					};
				};
			};
			buildConfigurationList = 7B605D7C21CA82D900AFE18E /* Build configuration list for PBXProject "meiTuan" */;
			compatibilityVersion = "Xcode 3.2";
			developmentRegion = English;
			hasScannedForEncodings = 0;
			knownRegions = (
				en,
				Base,
			);
			mainGroup = 7B605D7821CA82D900AFE18E;
			productRefGroup = 7B605D8221CA82D900AFE18E /* Products */;
			projectDirPath = "";
			projectRoot = "";
			targets = (
				7B605D8021CA82D900AFE18E /* meiTuan */,
				7B605D9C21CA82D900AFE18E /* meiTuanTests */,
			);
		};
/* End PBXProject section */

/* Begin PBXResourcesBuildPhase section */
		7B605D7F21CA82D900AFE18E /* Resources */ = {
			isa = PBXResourcesBuildPhase;
			buildActionMask = 2147483647;
			files = (
				7B605D9721CA82D900AFE18E /* LaunchScreen.storyboard in Resources */,
				7B605D9421CA82D900AFE18E /* Assets.xcassets in Resources */,
				7B605D8F21CA82D900AFE18E /* Main.storyboard in Resources */,
			);
			runOnlyForDeploymentPostprocessing = 0;
		};
		7B605D9B21CA82D900AFE18E /* Resources */ = {
			isa = PBXResourcesBuildPhase;
			buildActionMask = 2147483647;
			files = (
			);
			runOnlyForDeploymentPostprocessing = 0;
		};
/* End PBXResourcesBuildPhase section */

/* Begin PBXSourcesBuildPhase section */
		7B605D7D21CA82D900AFE18E /* Sources */ = {
			isa = PBXSourcesBuildPhase;
			buildActionMask = 2147483647;
			files = (
				7B605D8C21CA82D900AFE18E /* ViewController.m in Sources */,
				7B605D8921CA82D900AFE18E /* AppDelegate.m in Sources */,
				7B605D8621CA82D900AFE18E /* main.m in Sources */,
				7B605D9221CA82D900AFE18E /* meiTuan.xcdatamodeld in Sources */,
			);
			runOnlyForDeploymentPostprocessing = 0;
		};
		7B605D9921CA82D900AFE18E /* Sources */ = {
			isa = PBXSourcesBuildPhase;
			buildActionMask = 2147483647;
			files = (
				7B605DA221CA82D900AFE18E /* meiTuanTests.m in Sources */,
			);
			runOnlyForDeploymentPostprocessing = 0;
		};
/* End PBXSourcesBuildPhase section */

/* Begin PBXTargetDependency section */
		7B605D9F21CA82D900AFE18E /* PBXTargetDependency */ = {
			isa = PBXTargetDependency;
			target = 7B605D8021CA82D900AFE18E /* meiTuan */;
			targetProxy = 7B605D9E21CA82D900AFE18E /* PBXContainerItemProxy */;
		};
/* End PBXTargetDependency section */

/* Begin PBXVariantGroup section */
		7B605D8D21CA82D900AFE18E /* Main.storyboard */ = {
			isa = PBXVariantGroup;
			children = (
				7B605D8E21CA82D900AFE18E /* Base */,
			);
			name = Main.storyboard;
			sourceTree = "<group>";
		};
		7B605D9521CA82D900AFE18E /* LaunchScreen.storyboard */ = {
			isa = PBXVariantGroup;
			children = (
				7B605D9621CA82D900AFE18E /* Base */,
			);
			name = LaunchScreen.storyboard;
			sourceTree = "<group>";
		};
/* End PBXVariantGroup section */

/* Begin XCBuildConfiguration section */
		7B605DA421CA82D900AFE18E /* Debug */ = {
			isa = XCBuildConfiguration;
			buildSettings = {
				ALWAYS_SEARCH_USER_PATHS = NO;
				CLANG_ANALYZER_NONNULL = YES;
				CLANG_CXX_LANGUAGE_STANDARD = "gnu++0x";
				CLANG_CXX_LIBRARY = "libc++";
				CLANG_ENABLE_MODULES = YES;
				CLANG_ENABLE_OBJC_ARC = YES;
				CLANG_WARN_BOOL_CONVERSION = YES;
				CLANG_WARN_CONSTANT_CONVERSION = YES;
				CLANG_WARN_DIRECT_OBJC_ISA_USAGE = YES_ERROR;
				CLANG_WARN_DOCUMENTATION_COMMENTS = YES;
				CLANG_WARN_EMPTY_BODY = YES;
				CLANG_WARN_ENUM_CONVERSION = YES;
				CLANG_WARN_INFINITE_RECURSION = YES;
				CLANG_WARN_INT_CONVERSION = YES;
				CLANG_WARN_OBJC_ROOT_CLASS = YES_ERROR;
				CLANG_WARN_SUSPICIOUS_MOVES = YES;
				CLANG_WARN_UNREACHABLE_CODE = YES;
				CLANG_WARN__DUPLICATE_METHOD_MATCH = YES;
				"CODE_SIGN_IDENTITY[sdk=iphoneos*]" = "iPhone Developer";
				COPY_PHASE_STRIP = NO;
				DEBUG_INFORMATION_FORMAT = dwarf;
				ENABLE_STRICT_OBJC_MSGSEND = YES;
				ENABLE_TESTABILITY = YES;
				GCC_C_LANGUAGE_STANDARD = gnu99;
				GCC_DYNAMIC_NO_PIC = NO;
				GCC_NO_COMMON_BLOCKS = YES;
				GCC_OPTIMIZATION_LEVEL = 0;
				GCC_PREPROCESSOR_DEFINITIONS = (
					"DEBUG=1",
					"$(inherited)",
				);
				GCC_WARN_64_TO_32_BIT_CONVERSION = YES;
				GCC_WARN_ABOUT_RETURN_TYPE = YES_ERROR;
				GCC_WARN_UNDECLARED_SELECTOR = YES;
				GCC_WARN_UNINITIALIZED_AUTOS = YES_AGGRESSIVE;
				GCC_WARN_UNUSED_FUNCTION = YES;
				GCC_WARN_UNUSED_VARIABLE = YES;
				IPHONEOS_DEPLOYMENT_TARGET = 10.1;
				MTL_ENABLE_DEBUG_INFO = YES;
				ONLY_ACTIVE_ARCH = YES;
				SDKROOT = iphoneos;
				TARGETED_DEVICE_FAMILY = "1,2";
			};
			name = Debug;
		};
		7B605DA521CA82D900AFE18E /* Release */ = {
			isa = XCBuildConfiguration;
			buildSettings = {
				ALWAYS_SEARCH_USER_PATHS = NO;
				CLANG_ANALYZER_NONNULL = YES;
				CLANG_CXX_LANGUAGE_STANDARD = "gnu++0x";
				CLANG_CXX_LIBRARY = "libc++";
				CLANG_ENABLE_MODULES = YES;
				CLANG_ENABLE_OBJC_ARC = YES;
				CLANG_WARN_BOOL_CONVERSION = YES;
				CLANG_WARN_CONSTANT_CONVERSION = YES;
				CLANG_WARN_DIRECT_OBJC_ISA_USAGE = YES_ERROR;
				CLANG_WARN_DOCUMENTATION_COMMENTS = YES;
				CLANG_WARN_EMPTY_BODY = YES;
				CLANG_WARN_ENUM_CONVERSION = YES;
				CLANG_WARN_INFINITE_RECURSION = YES;
				CLANG_WARN_INT_CONVERSION = YES;
				CLANG_WARN_OBJC_ROOT_CLASS = YES_ERROR;
				CLANG_WARN_SUSPICIOUS_MOVES = YES;
				CLANG_WARN_UNREACHABLE_CODE = YES;
				CLANG_WARN__DUPLICATE_METHOD_MATCH = YES;
				"CODE_SIGN_IDENTITY[sdk=iphoneos*]" = "iPhone Developer";
				COPY_PHASE_STRIP = NO;
				DEBUG_INFORMATION_FORMAT = "dwarf-with-dsym";
				ENABLE_NS_ASSERTIONS = NO;
				ENABLE_STRICT_OBJC_MSGSEND = YES;
				GCC_C_LANGUAGE_STANDARD = gnu99;
				GCC_NO_COMMON_BLOCKS = YES;
				GCC_WARN_64_TO_32_BIT_CONVERSION = YES;
				GCC_WARN_ABOUT_RETURN_TYPE = YES_ERROR;
				GCC_WARN_UNDECLARED_SELECTOR = YES;
				GCC_WARN_UNINITIALIZED_AUTOS = YES_AGGRESSIVE;
				GCC_WARN_UNUSED_FUNCTION = YES;
				GCC_WARN_UNUSED_VARIABLE = YES;
				IPHONEOS_DEPLOYMENT_TARGET = 10.1;
				MTL_ENABLE_DEBUG_INFO = NO;
				SDKROOT = iphoneos;
				TARGETED_DEVICE_FAMILY = "1,2";
				VALIDATE_PRODUCT = YES;
			};
			name = Release;
		};
		7B605DA721CA82D900AFE18E /* Debug */ = {
			isa = XCBuildConfiguration;
			buildSettings = {
				ASSETCATALOG_COMPILER_APPICON_NAME = AppIcon;
				DEVELOPMENT_TEAM = FCCM7ST34K;
				INFOPLIST_FILE = meiTuan/Info.plist;
				LD_RUNPATH_SEARCH_PATHS = "$(inherited) @executable_path/Frameworks";
				PRODUCT_BUNDLE_IDENTIFIER = space.grea.meiTuan;
				PRODUCT_NAME = "$(TARGET_NAME)";
			};
			name = Debug;
		};
		7B605DA821CA82D900AFE18E /* Release */ = {
			isa = XCBuildConfiguration;
			buildSettings = {
				ASSETCATALOG_COMPILER_APPICON_NAME = AppIcon;
				DEVELOPMENT_TEAM = FCCM7ST34K;
				INFOPLIST_FILE = meiTuan/Info.plist;
				LD_RUNPATH_SEARCH_PATHS = "$(inherited) @executable_path/Frameworks";
				PRODUCT_BUNDLE_IDENTIFIER = space.grea.meiTuan;
				PRODUCT_NAME = "$(TARGET_NAME)";
			};
			name = Release;
		};
		7B605DAA21CA82D900AFE18E /* Debug */ = {
			isa = XCBuildConfiguration;
			buildSettings = {
				BUNDLE_LOADER = "$(TEST_HOST)";
				DEVELOPMENT_TEAM = FCCM7ST34K;
				INFOPLIST_FILE = meiTuanTests/Info.plist;
				LD_RUNPATH_SEARCH_PATHS = "$(inherited) @executable_path/Frameworks @loader_path/Frameworks";
				PRODUCT_BUNDLE_IDENTIFIER = space.grea.meiTuanTests;
				PRODUCT_NAME = "$(TARGET_NAME)";
				TEST_HOST = "$(BUILT_PRODUCTS_DIR)/meiTuan.app/meiTuan";
			};
			name = Debug;
		};
		7B605DAB21CA82D900AFE18E /* Release */ = {
			isa = XCBuildConfiguration;
			buildSettings = {
				BUNDLE_LOADER = "$(TEST_HOST)";
				DEVELOPMENT_TEAM = FCCM7ST34K;
				INFOPLIST_FILE = meiTuanTests/Info.plist;
				LD_RUNPATH_SEARCH_PATHS = "$(inherited) @executable_path/Frameworks @loader_path/Frameworks";
				PRODUCT_BUNDLE_IDENTIFIER = space.grea.meiTuanTests;
				PRODUCT_NAME = "$(TARGET_NAME)";
				TEST_HOST = "$(BUILT_PRODUCTS_DIR)/meiTuan.app/meiTuan";
			};
			name = Release;
		};
/* End XCBuildConfiguration section */

/* Begin XCConfigurationList section */
		7B605D7C21CA82D900AFE18E /* Build configuration list for PBXProject "meiTuan" */ = {
			isa = XCConfigurationList;
			buildConfigurations = (
				7B605DA421CA82D900AFE18E /* Debug */,
				7B605DA521CA82D900AFE18E /* Release */,
			);
			defaultConfigurationIsVisible = 0;
			defaultConfigurationName = Release;
		};
		7B605DA621CA82D900AFE18E /* Build configuration list for PBXNativeTarget "meiTuan" */ = {
			isa = XCConfigurationList;
			buildConfigurations = (
				7B605DA721CA82D900AFE18E /* Debug */,
				7B605DA821CA82D900AFE18E /* Release */,
			);
			defaultConfigurationIsVisible = 0;
		};
		7B605DA921CA82D900AFE18E /* Build configuration list for PBXNativeTarget "meiTuanTests" */ = {
			isa = XCConfigurationList;
			buildConfigurations = (
				7B605DAA21CA82D900AFE18E /* Debug */,
				7B605DAB21CA82D900AFE18E /* Release */,
			);
			defaultConfigurationIsVisible = 0;
		};
/* End XCConfigurationList section */

/* Begin XCVersionGroup section */
		7B605D9021CA82D900AFE18E /* meiTuan.xcdatamodeld */ = {
			isa = XCVersionGroup;
			children = (
				7B605D9121CA82D900AFE18E /* meiTuan.xcdatamodel */,
			);
			currentVersion = 7B605D9121CA82D900AFE18E /* meiTuan.xcdatamodel */;
			path = meiTuan.xcdatamodeld;
			sourceTree = "<group>";
			versionGroupType = wrapper.xcdatamodel;
		};
/* End XCVersionGroup section */
	};
	rootObject = 7B605D7921CA82D900AFE18E /* Project object */;
}
